{
  "name": "sleep_backend",
  "version": "1.0.0",
  "lockfileVersion": 1,
  "requires": true,
  "dependencies": {
    "dialog-polyfill": {
      "version": "0.4.10",
      "resolved": "https://registry.npmjs.org/dialog-polyfill/-/dialog-polyfill-0.4.10.tgz",
      "integrity": "sha512-j5yGMkP8T00UFgyO+78OxiN5vC5dzRQF3BEio+LhNvDbyfxWBsi3sfPArDm54VloaJwy2hm3erEiDWqHRC8rzw=="
    },
    "firebaseui": {
      "version": "4.5.0",
      "resolved": "https://registry.npmjs.org/firebaseui/-/firebaseui-4.5.0.tgz",
      "integrity": "sha512-aliOXphs4e2DunKEhTqHV4rSMBninYVo0sqFaNTWw+KXRVp6381tluAhf5v8p208MZS0E8PdLKzMlgf11Fheow==",
      "requires": {
        "dialog-polyfill": "^0.4.7",
        "material-design-lite": "^1.2.0"
      }
    },
    "material-design-lite": {
      "version": "1.3.0",
      "resolved": "https://registry.npmjs.org/material-design-lite/-/material-design-lite-1.3.0.tgz",
      "integrity": "sha1-0ATOP+6Zoe63Sni4oyUTSl8RcdM="
    }
  }
}
